PODS:
  - AFNetworking (2.6.3):
    - AFNetworking/NSURLConnection (= 2.6.3)
    - AFNetworking/NSURLSession (= 2.6.3)
    - AFNetworking/Reachability (= 2.6.3)
    - AFNetworking/Security (= 2.6.3)
    - AFNetworking/Serialization (= 2.6.3)
    - AFNetworking/UIKit (= 2.6.3)
  - AFNetworking/NSURLConnection (2.6.3):
    - AFNetworking/Reachability
    - AFNetworking/Security
    - AFNetworking/Serialization
  - AFNetworking/NSURLSession (2.6.3):
    - AFNetworking/Reachability
    - AFNetworking/Security
    - AFNetworking/Serialization
  - AFNetworking/Reachability (2.6.3)
  - AFNetworking/Security (2.6.3)
  - AFNetworking/Serialization (2.6.3)
  - AFNetworking/UIKit (2.6.3):
    - AFNetworking/NSURLConnection
    - AFNetworking/NSURLSession
  - myPodLib (1.0.0):
    - myPodLib/JCLib (= 1.0.0)
    - myPodLib/JCLib_A (= 1.0.0)
    - myPodLib/JCLib_B (= 1.0.0)
    - myPodLib/JCLib_C (= 1.0.0)
  - myPodLib/JCLib (1.0.0):
    - AFNetworking (~> 2.3)
  - myPodLib/JCLib_A (1.0.0)
  - myPodLib/JCLib_B (1.0.0)
  - myPodLib/JCLib_C (1.0.0):
    - myPodLib/JCLib_B

DEPENDENCIES:
  - myPodLib (from `../`)

EXTERNAL SOURCES:
  myPodLib:
    :path: ../

SPEC CHECKSUMS:
  AFNetworking: cb8d14a848e831097108418f5d49217339d4eb60
  myPodLib: 52f1194a52be80571db8c24ad9fd03ab1da53bfe

PODFILE CHECKSUM: 4193a4f5903490292da9e090b878f2a1bb5986d6

COCOAPODS: 1.2.0
